
Microsoft Visual Studio Solution File, Format Version 12.00
# Visual Studio Version 17
VisualStudioVersion = 17.5.002.0
MinimumVisualStudioVersion = 10.0.40219.1
Project("{9A19103F-16F7-4668-BE54-9A1E7A4F7556}") = "mvc", "mvc\mvc.csproj", "{92C132A6-950B-4550-8953-053F8A0F734C}"
EndProject
Global
	GlobalSection(SolutionConfigurationPlatforms) = preSolution
		Debug|Any CPU = Debug|Any CPU
		Release|Any CPU = Release|Any CPU
	EndGlobalSection
	GlobalSection(ProjectConfigurationPlatforms) = postSolution
		{92C132A6-950B-4550-8953-053F8A0F734C}.Debug|Any CPU.ActiveCfg = Debug|Any CPU
		{92C132A6-950B-4550-8953-053F8A0F734C}.Debug|Any CPU.Build.0 = Debug|Any CPU
		{92C132A6-950B-4550-8953-053F8A0F734C}.Release|Any CPU.ActiveCfg = Release|Any CPU
		{92C132A6-950B-4550-8953-053F8A0F734C}.Release|Any CPU.Build.0 = Release|Any CPU
	EndGlobalSection
	GlobalSection(SolutionProperties) = preSolution
		HideSolutionNode = FALSE
	EndGlobalSection
	GlobalSection(ExtensibilityGlobals) = postSolution
		SolutionGuid = {0938BA63-A149-4E74-84DC-89504778F18B}
	EndGlobalSection
EndGlobal
